
Microsoft Visual Studio Solution File, Format Version 12.00
Project("{F2A71F9B-5D33-465A-A702-920D77279786}") = "RabbitMQHelper", "RabbitMQHelper\RabbitMQHelper.fsproj", "{71C036B4-60D8-4ED1-B2DA-E7D25A008815}"
EndProject
Global
	GlobalSection(SolutionConfigurationPlatforms) = preSolution
		Debug|Any CPU = Debug|Any CPU
		Release|Any CPU = Release|Any CPU
	EndGlobalSection
	GlobalSection(ProjectConfigurationPlatforms) = postSolution
		{71C036B4-60D8-4ED1-B2DA-E7D25A008815}.Debug|Any CPU.ActiveCfg = Debug|Any CPU
		{71C036B4-60D8-4ED1-B2DA-E7D25A008815}.Debug|Any CPU.Build.0 = Debug|Any CPU
		{71C036B4-60D8-4ED1-B2DA-E7D25A008815}.Release|Any CPU.ActiveCfg = Release|Any CPU
		{71C036B4-60D8-4ED1-B2DA-E7D25A008815}.Release|Any CPU.Build.0 = Release|Any CPU
	EndGlobalSection
EndGlobal
